
Microsoft Visual Studio Solution File, Format Version 12.00
# Visual Studio Version 17
VisualStudioVersion = 17.0.32112.339
MinimumVisualStudioVersion = 10.0.40219.1
Project("{2150E333-8FDC-42A3-9474-1A3956D46DE8}") = "Core", "Core", "{76B372C1-705E-488C-A038-7F674368A56C}"
EndProject
Project("{2150E333-8FDC-42A3-9474-1A3956D46DE8}") = "External", "External", "{D1976A6E-5CD9-4315-B140-EC9FD505543F}"
EndProject
Project("{2150E333-8FDC-42A3-9474-1A3956D46DE8}") = "Presentation", "Presentation", "{158CD54D-86B4-488F-A897-A6CD51862B88}"
EndProject
Project("{9A19103F-16F7-4668-BE54-9A1E7A4F7556}") = "Presentation", "Infrastructure\Persistence\Presentation.csproj", "{29E1F7B5-C89D-4603-B1CA-D66FD0773275}"
EndProject
Project("{9A19103F-16F7-4668-BE54-9A1E7A4F7556}") = "Web", "Presentation\WebApi\Web.csproj", "{80C92055-5A4D-4642-931C-D823690BD34D}"
EndProject
Project("{2150E333-8FDC-42A3-9474-1A3956D46DE8}") = "src", "src", "{A2C92582-F3D1-4C77-8520-191736BD3ED1}"
EndProject
Project("{2150E333-8FDC-42A3-9474-1A3956D46DE8}") = "test", "test", "{A2931808-DBE2-4DB0-A9A0-C0D9D3AF9CC4}"
EndProject
Project("{9A19103F-16F7-4668-BE54-9A1E7A4F7556}") = "Infrastructure", "Infrastructure\Infrastructure\Infrastructure.csproj", "{7ED9E3FD-B59C-4FC8-89C8-8AE1636C946F}"
EndProject
Project("{9A19103F-16F7-4668-BE54-9A1E7A4F7556}") = "Architecture.Tests", "Architecture.Tests\Architecture.Tests.csproj", "{BE743E3D-419D-4964-B63D-7634F0D77827}"
EndProject
Project("{2150E333-8FDC-42A3-9474-1A3956D46DE8}") = "Solution Items", "Solution Items", "{584A289D-65C2-4D0B-BF0B-B3C651C5CB4B}"
	ProjectSection(SolutionItems) = preProject
		Directory.Build.props = Directory.Build.props
	EndProjectSection
EndProject
Project("{2150E333-8FDC-42A3-9474-1A3956D46DE8}") = "Domain", "Domain", "{37ED44B1-4BCB-4D9E-BA86-D2D8004BD07E}"
EndProject
Project("{2150E333-8FDC-42A3-9474-1A3956D46DE8}") = "Shared", "Shared", "{5CE44951-1007-45CC-9221-6117236D5D47}"
EndProject
Project("{FAE04EC0-301F-11D3-BF4B-00C04F79EFBC}") = "Shared", "Shared\Shared\Shared.csproj", "{FA20FBD4-5818-4B63-B399-BCF1B5B572E9}"
EndProject
Project("{9A19103F-16F7-4668-BE54-9A1E7A4F7556}") = "Domain.Abstraction", "Core\Domain\Domain.Abstraction\Domain.Abstraction.csproj", "{5445ADE1-9551-4714-AE40-528D0F9BC17F}"
EndProject
Project("{9A19103F-16F7-4668-BE54-9A1E7A4F7556}") = "Domain.Shared", "Core\Domain\Domain.Shared\Domain.Shared.csproj", "{C08E2485-1042-465E-8E42-E282BF0C2737}"
EndProject
Project("{9A19103F-16F7-4668-BE54-9A1E7A4F7556}") = "Domain.Core", "Core\Domain\Domain.Core\Domain.Core.csproj", "{DE2345A8-BB4D-4771-B649-562540396B8E}"
EndProject
Project("{9A19103F-16F7-4668-BE54-9A1E7A4F7556}") = "Domain.CMS", "Core\Domain\Domain.CMS\Domain.CMS.csproj", "{DEF07B31-B0C6-43C4-9F2F-55469636723E}"
EndProject
Project("{2150E333-8FDC-42A3-9474-1A3956D46DE8}") = "Application", "Application", "{F796817C-BB20-4B27-915D-2DBA79674A51}"
EndProject
Project("{9A19103F-16F7-4668-BE54-9A1E7A4F7556}") = "Application.CMS", "Core\Application\Application.CMS\Application.CMS.csproj", "{B21AA518-50DF-4865-9392-6139CF57231C}"
EndProject
Project("{FAE04EC0-301F-11D3-BF4B-00C04F79EFBC}") = "Application.Abstraction", "Core\Application\Application.Abstraction\Application.Abstraction.csproj", "{45E8E069-8369-4058-B771-9567F7287F83}"
EndProject
Global
	GlobalSection(SolutionConfigurationPlatforms) = preSolution
		Debug|Any CPU = Debug|Any CPU
		Release|Any CPU = Release|Any CPU
	EndGlobalSection
	GlobalSection(ProjectConfigurationPlatforms) = postSolution
		{29E1F7B5-C89D-4603-B1CA-D66FD0773275}.Debug|Any CPU.ActiveCfg = Debug|Any CPU
		{29E1F7B5-C89D-4603-B1CA-D66FD0773275}.Debug|Any CPU.Build.0 = Debug|Any CPU
		{29E1F7B5-C89D-4603-B1CA-D66FD0773275}.Release|Any CPU.ActiveCfg = Release|Any CPU
		{29E1F7B5-C89D-4603-B1CA-D66FD0773275}.Release|Any CPU.Build.0 = Release|Any CPU
		{80C92055-5A4D-4642-931C-D823690BD34D}.Debug|Any CPU.ActiveCfg = Debug|Any CPU
		{80C92055-5A4D-4642-931C-D823690BD34D}.Debug|Any CPU.Build.0 = Debug|Any CPU
		{80C92055-5A4D-4642-931C-D823690BD34D}.Release|Any CPU.ActiveCfg = Release|Any CPU
		{80C92055-5A4D-4642-931C-D823690BD34D}.Release|Any CPU.Build.0 = Release|Any CPU
		{7ED9E3FD-B59C-4FC8-89C8-8AE1636C946F}.Debug|Any CPU.ActiveCfg = Debug|Any CPU
		{7ED9E3FD-B59C-4FC8-89C8-8AE1636C946F}.Debug|Any CPU.Build.0 = Debug|Any CPU
		{7ED9E3FD-B59C-4FC8-89C8-8AE1636C946F}.Release|Any CPU.ActiveCfg = Release|Any CPU
		{7ED9E3FD-B59C-4FC8-89C8-8AE1636C946F}.Release|Any CPU.Build.0 = Release|Any CPU
		{BE743E3D-419D-4964-B63D-7634F0D77827}.Debug|Any CPU.ActiveCfg = Debug|Any CPU
		{BE743E3D-419D-4964-B63D-7634F0D77827}.Debug|Any CPU.Build.0 = Debug|Any CPU
		{BE743E3D-419D-4964-B63D-7634F0D77827}.Release|Any CPU.ActiveCfg = Release|Any CPU
		{BE743E3D-419D-4964-B63D-7634F0D77827}.Release|Any CPU.Build.0 = Release|Any CPU
		{FA20FBD4-5818-4B63-B399-BCF1B5B572E9}.Debug|Any CPU.ActiveCfg = Debug|Any CPU
		{FA20FBD4-5818-4B63-B399-BCF1B5B572E9}.Debug|Any CPU.Build.0 = Debug|Any CPU
		{FA20FBD4-5818-4B63-B399-BCF1B5B572E9}.Release|Any CPU.ActiveCfg = Release|Any CPU
		{FA20FBD4-5818-4B63-B399-BCF1B5B572E9}.Release|Any CPU.Build.0 = Release|Any CPU
		{5445ADE1-9551-4714-AE40-528D0F9BC17F}.Debug|Any CPU.ActiveCfg = Debug|Any CPU
		{5445ADE1-9551-4714-AE40-528D0F9BC17F}.Debug|Any CPU.Build.0 = Debug|Any CPU
		{5445ADE1-9551-4714-AE40-528D0F9BC17F}.Release|Any CPU.ActiveCfg = Release|Any CPU
		{5445ADE1-9551-4714-AE40-528D0F9BC17F}.Release|Any CPU.Build.0 = Release|Any CPU
		{C08E2485-1042-465E-8E42-E282BF0C2737}.Debug|Any CPU.ActiveCfg = Debug|Any CPU
		{C08E2485-1042-465E-8E42-E282BF0C2737}.Debug|Any CPU.Build.0 = Debug|Any CPU
		{C08E2485-1042-465E-8E42-E282BF0C2737}.Release|Any CPU.ActiveCfg = Release|Any CPU
		{C08E2485-1042-465E-8E42-E282BF0C2737}.Release|Any CPU.Build.0 = Release|Any CPU
		{DE2345A8-BB4D-4771-B649-562540396B8E}.Debug|Any CPU.ActiveCfg = Debug|Any CPU
		{DE2345A8-BB4D-4771-B649-562540396B8E}.Debug|Any CPU.Build.0 = Debug|Any CPU
		{DE2345A8-BB4D-4771-B649-562540396B8E}.Release|Any CPU.ActiveCfg = Release|Any CPU
		{DE2345A8-BB4D-4771-B649-562540396B8E}.Release|Any CPU.Build.0 = Release|Any CPU
		{DEF07B31-B0C6-43C4-9F2F-55469636723E}.Debug|Any CPU.ActiveCfg = Debug|Any CPU
		{DEF07B31-B0C6-43C4-9F2F-55469636723E}.Debug|Any CPU.Build.0 = Debug|Any CPU
		{DEF07B31-B0C6-43C4-9F2F-55469636723E}.Release|Any CPU.ActiveCfg = Release|Any CPU
		{DEF07B31-B0C6-43C4-9F2F-55469636723E}.Release|Any CPU.Build.0 = Release|Any CPU
		{B21AA518-50DF-4865-9392-6139CF57231C}.Debug|Any CPU.ActiveCfg = Debug|Any CPU
		{B21AA518-50DF-4865-9392-6139CF57231C}.Debug|Any CPU.Build.0 = Debug|Any CPU
		{B21AA518-50DF-4865-9392-6139CF57231C}.Release|Any CPU.ActiveCfg = Release|Any CPU
		{B21AA518-50DF-4865-9392-6139CF57231C}.Release|Any CPU.Build.0 = Release|Any CPU
		{45E8E069-8369-4058-B771-9567F7287F83}.Debug|Any CPU.ActiveCfg = Debug|Any CPU
		{45E8E069-8369-4058-B771-9567F7287F83}.Debug|Any CPU.Build.0 = Debug|Any CPU
		{45E8E069-8369-4058-B771-9567F7287F83}.Release|Any CPU.ActiveCfg = Release|Any CPU
		{45E8E069-8369-4058-B771-9567F7287F83}.Release|Any CPU.Build.0 = Release|Any CPU
	EndGlobalSection
	GlobalSection(SolutionProperties) = preSolution
		HideSolutionNode = FALSE
	EndGlobalSection
	GlobalSection(NestedProjects) = preSolution
		{76B372C1-705E-488C-A038-7F674368A56C} = {A2C92582-F3D1-4C77-8520-191736BD3ED1}
		{D1976A6E-5CD9-4315-B140-EC9FD505543F} = {A2C92582-F3D1-4C77-8520-191736BD3ED1}
		{158CD54D-86B4-488F-A897-A6CD51862B88} = {A2C92582-F3D1-4C77-8520-191736BD3ED1}
		{29E1F7B5-C89D-4603-B1CA-D66FD0773275} = {D1976A6E-5CD9-4315-B140-EC9FD505543F}
		{80C92055-5A4D-4642-931C-D823690BD34D} = {158CD54D-86B4-488F-A897-A6CD51862B88}
		{7ED9E3FD-B59C-4FC8-89C8-8AE1636C946F} = {D1976A6E-5CD9-4315-B140-EC9FD505543F}
		{BE743E3D-419D-4964-B63D-7634F0D77827} = {A2931808-DBE2-4DB0-A9A0-C0D9D3AF9CC4}
		{37ED44B1-4BCB-4D9E-BA86-D2D8004BD07E} = {76B372C1-705E-488C-A038-7F674368A56C}
		{5CE44951-1007-45CC-9221-6117236D5D47} = {A2C92582-F3D1-4C77-8520-191736BD3ED1}
		{FA20FBD4-5818-4B63-B399-BCF1B5B572E9} = {5CE44951-1007-45CC-9221-6117236D5D47}
		{5445ADE1-9551-4714-AE40-528D0F9BC17F} = {37ED44B1-4BCB-4D9E-BA86-D2D8004BD07E}
		{C08E2485-1042-465E-8E42-E282BF0C2737} = {37ED44B1-4BCB-4D9E-BA86-D2D8004BD07E}
		{DE2345A8-BB4D-4771-B649-562540396B8E} = {37ED44B1-4BCB-4D9E-BA86-D2D8004BD07E}
		{DEF07B31-B0C6-43C4-9F2F-55469636723E} = {37ED44B1-4BCB-4D9E-BA86-D2D8004BD07E}
		{F796817C-BB20-4B27-915D-2DBA79674A51} = {76B372C1-705E-488C-A038-7F674368A56C}
		{B21AA518-50DF-4865-9392-6139CF57231C} = {F796817C-BB20-4B27-915D-2DBA79674A51}
		{45E8E069-8369-4058-B771-9567F7287F83} = {F796817C-BB20-4B27-915D-2DBA79674A51}
	EndGlobalSection
	GlobalSection(ExtensibilityGlobals) = postSolution
		SolutionGuid = {37E92EF8-5F9A-43BB-9DAE-0CBF9FC91552}
	EndGlobalSection
EndGlobal
