
Microsoft Visual Studio Solution File, Format Version 12.00
# Visual Studio Version 17
VisualStudioVersion = 17.0.32112.339
MinimumVisualStudioVersion = 10.0.40219.1
Project("{2150E333-8FDC-42A3-9474-1A3956D46DE8}") = "Core", "Core", "{76B372C1-705E-488C-A038-7F674368A56C}"
EndProject
Project("{2150E333-8FDC-42A3-9474-1A3956D46DE8}") = "External", "External", "{D1976A6E-5CD9-4315-B140-EC9FD505543F}"
EndProject
Project("{2150E333-8FDC-42A3-9474-1A3956D46DE8}") = "Presentation", "Presentation", "{158CD54D-86B4-488F-A897-A6CD51862B88}"
EndProject
Project("{9A19103F-16F7-4668-BE54-9A1E7A4F7556}") = "Application", "Core\Application\Application.csproj", "{94185F31-549F-43DF-A673-A27E202074CB}"
EndProject
Project("{9A19103F-16F7-4668-BE54-9A1E7A4F7556}") = "Domain", "Core\Domain\Domain.csproj", "{4BC7D667-0F92-42D6-9F13-89E6E9839BC4}"
EndProject
Project("{9A19103F-16F7-4668-BE54-9A1E7A4F7556}") = "Presentation", "Infrastructure\Persistence\Presentation.csproj", "{29E1F7B5-C89D-4603-B1CA-D66FD0773275}"
EndProject
Project("{9A19103F-16F7-4668-BE54-9A1E7A4F7556}") = "Web", "Presentation\WebApi\Web.csproj", "{80C92055-5A4D-4642-931C-D823690BD34D}"
EndProject
Project("{2150E333-8FDC-42A3-9474-1A3956D46DE8}") = "src", "src", "{A2C92582-F3D1-4C77-8520-191736BD3ED1}"
EndProject
Project("{2150E333-8FDC-42A3-9474-1A3956D46DE8}") = "test", "test", "{A2931808-DBE2-4DB0-A9A0-C0D9D3AF9CC4}"
EndProject
Project("{9A19103F-16F7-4668-BE54-9A1E7A4F7556}") = "Infrastructure", "Infrastructure\Infrastructure\Infrastructure.csproj", "{7ED9E3FD-B59C-4FC8-89C8-8AE1636C946F}"
EndProject
Project("{9A19103F-16F7-4668-BE54-9A1E7A4F7556}") = "Architecture.Tests", "Architecture.Tests\Architecture.Tests.csproj", "{BE743E3D-419D-4964-B63D-7634F0D77827}"
EndProject
Project("{2150E333-8FDC-42A3-9474-1A3956D46DE8}") = "Solution Items", "Solution Items", "{584A289D-65C2-4D0B-BF0B-B3C651C5CB4B}"
	ProjectSection(SolutionItems) = preProject
		Directory.Build.props = Directory.Build.props
	EndProjectSection
EndProject
Global
	GlobalSection(SolutionConfigurationPlatforms) = preSolution
		Debug|Any CPU = Debug|Any CPU
		Release|Any CPU = Release|Any CPU
	EndGlobalSection
	GlobalSection(ProjectConfigurationPlatforms) = postSolution
		{94185F31-549F-43DF-A673-A27E202074CB}.Debug|Any CPU.ActiveCfg = Debug|Any CPU
		{94185F31-549F-43DF-A673-A27E202074CB}.Debug|Any CPU.Build.0 = Debug|Any CPU
		{94185F31-549F-43DF-A673-A27E202074CB}.Release|Any CPU.ActiveCfg = Release|Any CPU
		{94185F31-549F-43DF-A673-A27E202074CB}.Release|Any CPU.Build.0 = Release|Any CPU
		{4BC7D667-0F92-42D6-9F13-89E6E9839BC4}.Debug|Any CPU.ActiveCfg = Debug|Any CPU
		{4BC7D667-0F92-42D6-9F13-89E6E9839BC4}.Debug|Any CPU.Build.0 = Debug|Any CPU
		{4BC7D667-0F92-42D6-9F13-89E6E9839BC4}.Release|Any CPU.ActiveCfg = Release|Any CPU
		{4BC7D667-0F92-42D6-9F13-89E6E9839BC4}.Release|Any CPU.Build.0 = Release|Any CPU
		{29E1F7B5-C89D-4603-B1CA-D66FD0773275}.Debug|Any CPU.ActiveCfg = Debug|Any CPU
		{29E1F7B5-C89D-4603-B1CA-D66FD0773275}.Debug|Any CPU.Build.0 = Debug|Any CPU
		{29E1F7B5-C89D-4603-B1CA-D66FD0773275}.Release|Any CPU.ActiveCfg = Release|Any CPU
		{29E1F7B5-C89D-4603-B1CA-D66FD0773275}.Release|Any CPU.Build.0 = Release|Any CPU
		{80C92055-5A4D-4642-931C-D823690BD34D}.Debug|Any CPU.ActiveCfg = Debug|Any CPU
		{80C92055-5A4D-4642-931C-D823690BD34D}.Debug|Any CPU.Build.0 = Debug|Any CPU
		{80C92055-5A4D-4642-931C-D823690BD34D}.Release|Any CPU.ActiveCfg = Release|Any CPU
		{80C92055-5A4D-4642-931C-D823690BD34D}.Release|Any CPU.Build.0 = Release|Any CPU
		{7ED9E3FD-B59C-4FC8-89C8-8AE1636C946F}.Debug|Any CPU.ActiveCfg = Debug|Any CPU
		{7ED9E3FD-B59C-4FC8-89C8-8AE1636C946F}.Debug|Any CPU.Build.0 = Debug|Any CPU
		{7ED9E3FD-B59C-4FC8-89C8-8AE1636C946F}.Release|Any CPU.ActiveCfg = Release|Any CPU
		{7ED9E3FD-B59C-4FC8-89C8-8AE1636C946F}.Release|Any CPU.Build.0 = Release|Any CPU
		{BE743E3D-419D-4964-B63D-7634F0D77827}.Debug|Any CPU.ActiveCfg = Debug|Any CPU
		{BE743E3D-419D-4964-B63D-7634F0D77827}.Debug|Any CPU.Build.0 = Debug|Any CPU
		{BE743E3D-419D-4964-B63D-7634F0D77827}.Release|Any CPU.ActiveCfg = Release|Any CPU
		{BE743E3D-419D-4964-B63D-7634F0D77827}.Release|Any CPU.Build.0 = Release|Any CPU
	EndGlobalSection
	GlobalSection(SolutionProperties) = preSolution
		HideSolutionNode = FALSE
	EndGlobalSection
	GlobalSection(NestedProjects) = preSolution
		{76B372C1-705E-488C-A038-7F674368A56C} = {A2C92582-F3D1-4C77-8520-191736BD3ED1}
		{D1976A6E-5CD9-4315-B140-EC9FD505543F} = {A2C92582-F3D1-4C77-8520-191736BD3ED1}
		{158CD54D-86B4-488F-A897-A6CD51862B88} = {A2C92582-F3D1-4C77-8520-191736BD3ED1}
		{94185F31-549F-43DF-A673-A27E202074CB} = {76B372C1-705E-488C-A038-7F674368A56C}
		{4BC7D667-0F92-42D6-9F13-89E6E9839BC4} = {76B372C1-705E-488C-A038-7F674368A56C}
		{29E1F7B5-C89D-4603-B1CA-D66FD0773275} = {D1976A6E-5CD9-4315-B140-EC9FD505543F}
		{80C92055-5A4D-4642-931C-D823690BD34D} = {158CD54D-86B4-488F-A897-A6CD51862B88}
		{7ED9E3FD-B59C-4FC8-89C8-8AE1636C946F} = {D1976A6E-5CD9-4315-B140-EC9FD505543F}
		{BE743E3D-419D-4964-B63D-7634F0D77827} = {A2931808-DBE2-4DB0-A9A0-C0D9D3AF9CC4}
	EndGlobalSection
	GlobalSection(ExtensibilityGlobals) = postSolution
		SolutionGuid = {37E92EF8-5F9A-43BB-9DAE-0CBF9FC91552}
	EndGlobalSection
EndGlobal
